{
    "_readme": [
        "This file locks the dependencies of your project to a known state",
        "Read more about it at http://getcomposer.org/doc/01-basic-usage.md#composer-lock-the-lock-file"
    ],
    "hash": "2c71d26309ab0eb31ff7e9016777c02b",
    "packages": [
        {
            "name": "nikic/php-parser",
            "version": "v0.9.2",
            "source": {
                "type": "git",
                "url": "https://github.com/nikic/PHP-Parser",
                "reference": "v0.9.2"
            },
            "dist": {
                "type": "zip",
                "url": "https://github.com/nikic/PHP-Parser/zipball/v0.9.2",
                "reference": "v0.9.2",
                "shasum": ""
            },
            "require": {
                "php": ">=5.2"
            },
            "type": "library",
            "autoload": {
                "psr-0": {
                    "PHPParser": "lib/"
                }
            },
            "license": [
                "BSD"
            ],
            "authors": [
                {
                    "name": "Nikita Popov",
                    "email": null,
                    "homepage": null,
                    "role": null
                }
            ],
            "description": "A PHP parser written in PHP",
            "keywords": [
                "parser",
                "php"
            ],
            "time": "2012-07-07 20:23:25"
        }
    ],
    "packages-dev": [

    ],
    "aliases": [

    ],
    "minimum-stability": "stable",
    "stability-flags": [

    ],
    "platform": {
        "php": ">=5.3"
    },
    "platform-dev": [

    ]
}
